// !$*UTF8*$!
{
	archiveVersion = 1;
	classes = {
	};
	objectVersion = 56;
	objects = {

/* Begin PBXBuildFile section */
		E8D4169429B5F15E00897C69 /* AppDelegate.swift in Sources */ = {isa = PBXBuildFile; fileRef = E8D4169329B5F15E00897C69 /* AppDelegate.swift */; };
		E8D4169629B5F15E00897C69 /* SceneDelegate.swift in Sources */ = {isa = PBXBuildFile; fileRef = E8D4169529B5F15E00897C69 /* SceneDelegate.swift */; };
		E8D4169829B5F15E00897C69 /* ViewController.swift in Sources */ = {isa = PBXBuildFile; fileRef = E8D4169729B5F15E00897C69 /* ViewController.swift */; };
		E8D4169B29B5F15E00897C69 /* Main.storyboard in Resources */ = {isa = PBXBuildFile; fileRef = E8D4169929B5F15E00897C69 /* Main.storyboard */; };
		E8D4169D29B5F15F00897C69 /* Assets.xcassets in Resources */ = {isa = PBXBuildFile; fileRef = E8D4169C29B5F15F00897C69 /* Assets.xcassets */; };
		E8D416A029B5F15F00897C69 /* LaunchScreen.storyboard in Resources */ = {isa = PBXBuildFile; fileRef = E8D4169E29B5F15F00897C69 /* LaunchScreen.storyboard */; };
		E8D416AB29B5F15F00897C69 /* Say__Tahmin_EtTests.swift in Sources */ = {isa = PBXBuildFile; fileRef = E8D416AA29B5F15F00897C69 /* Say__Tahmin_EtTests.swift */; };
		E8D416B529B5F15F00897C69 /* Say__Tahmin_EtUITests.swift in Sources */ = {isa = PBXBuildFile; fileRef = E8D416B429B5F15F00897C69 /* Say__Tahmin_EtUITests.swift */; };
		E8D416B729B5F15F00897C69 /* Say__Tahmin_EtUITestsLaunchTests.swift in Sources */ = {isa = PBXBuildFile; fileRef = E8D416B629B5F15F00897C69 /* Say__Tahmin_EtUITestsLaunchTests.swift */; };
		E8D416C429B5F1CB00897C69 /* TahminEkraniVC.swift in Sources */ = {isa = PBXBuildFile; fileRef = E8D416C329B5F1CB00897C69 /* TahminEkraniVC.swift */; };
		E8D416C629B5F1E400897C69 /* SonucEkraniVC.swift in Sources */ = {isa = PBXBuildFile; fileRef = E8D416C529B5F1E400897C69 /* SonucEkraniVC.swift */; };
/* End PBXBuildFile section */

/* Begin PBXContainerItemProxy section */
		E8D416A729B5F15F00897C69 /* PBXContainerItemProxy */ = {
			isa = PBXContainerItemProxy;
			containerPortal = E8D4168829B5F15E00897C69 /* Project object */;
			proxyType = 1;
			remoteGlobalIDString = E8D4168F29B5F15E00897C69;
			remoteInfo = "Sayı Tahmin Et";
		};
		E8D416B129B5F15F00897C69 /* PBXContainerItemProxy */ = {
			isa = PBXContainerItemProxy;
			containerPortal = E8D4168829B5F15E00897C69 /* Project object */;
			proxyType = 1;
			remoteGlobalIDString = E8D4168F29B5F15E00897C69;
			remoteInfo = "Sayı Tahmin Et";
		};
/* End PBXContainerItemProxy section */

/* Begin PBXFileReference section */
		E8D4169029B5F15E00897C69 /* Sayı Tahmin Et.app */ = {isa = PBXFileReference; explicitFileType = wrapper.application; includeInIndex = 0; path = "Sayı Tahmin Et.app"; sourceTree = BUILT_PRODUCTS_DIR; };
		E8D4169329B5F15E00897C69 /* AppDelegate.swift */ = {isa = PBXFileReference; lastKnownFileType = sourcecode.swift; path = AppDelegate.swift; sourceTree = "<group>"; };
		E8D4169529B5F15E00897C69 /* SceneDelegate.swift */ = {isa = PBXFileReference; lastKnownFileType = sourcecode.swift; path = SceneDelegate.swift; sourceTree = "<group>"; };
		E8D4169729B5F15E00897C69 /* ViewController.swift */ = {isa = PBXFileReference; lastKnownFileType = sourcecode.swift; path = ViewController.swift; sourceTree = "<group>"; };
		E8D4169A29B5F15E00897C69 /* Base */ = {isa = PBXFileReference; lastKnownFileType = file.storyboard; name = Base; path = Base.lproj/Main.storyboard; sourceTree = "<group>"; };
		E8D4169C29B5F15F00897C69 /* Assets.xcassets */ = {isa = PBXFileReference; lastKnownFileType = folder.assetcatalog; path = Assets.xcassets; sourceTree = "<group>"; };
		E8D4169F29B5F15F00897C69 /* Base */ = {isa = PBXFileReference; lastKnownFileType = file.storyboard; name = Base; path = Base.lproj/LaunchScreen.storyboard; sourceTree = "<group>"; };
		E8D416A129B5F15F00897C69 /* Info.plist */ = {isa = PBXFileReference; lastKnownFileType = text.plist.xml; path = Info.plist; sourceTree = "<group>"; };
		E8D416A629B5F15F00897C69 /* Sayı Tahmin EtTests.xctest */ = {isa = PBXFileReference; explicitFileType = wrapper.cfbundle; includeInIndex = 0; path = "Sayı Tahmin EtTests.xctest"; sourceTree = BUILT_PRODUCTS_DIR; };
		E8D416AA29B5F15F00897C69 /* Say__Tahmin_EtTests.swift */ = {isa = PBXFileReference; lastKnownFileType = sourcecode.swift; path = Say__Tahmin_EtTests.swift; sourceTree = "<group>"; };
		E8D416B029B5F15F00897C69 /* Sayı Tahmin EtUITests.xctest */ = {isa = PBXFileReference; explicitFileType = wrapper.cfbundle; includeInIndex = 0; path = "Sayı Tahmin EtUITests.xctest"; sourceTree = BUILT_PRODUCTS_DIR; };
		E8D416B429B5F15F00897C69 /* Say__Tahmin_EtUITests.swift */ = {isa = PBXFileReference; lastKnownFileType = sourcecode.swift; path = Say__Tahmin_EtUITests.swift; sourceTree = "<group>"; };
		E8D416B629B5F15F00897C69 /* Say__Tahmin_EtUITestsLaunchTests.swift */ = {isa = PBXFileReference; lastKnownFileType = sourcecode.swift; path = Say__Tahmin_EtUITestsLaunchTests.swift; sourceTree = "<group>"; };
		E8D416C329B5F1CB00897C69 /* TahminEkraniVC.swift */ = {isa = PBXFileReference; lastKnownFileType = sourcecode.swift; path = TahminEkraniVC.swift; sourceTree = "<group>"; };
		E8D416C529B5F1E400897C69 /* SonucEkraniVC.swift */ = {isa = PBXFileReference; lastKnownFileType = sourcecode.swift; path = SonucEkraniVC.swift; sourceTree = "<group>"; };
/* End PBXFileReference section */

/* Begin PBXFrameworksBuildPhase section */
		E8D4168D29B5F15E00897C69 /* Frameworks */ = {
			isa = PBXFrameworksBuildPhase;
			buildActionMask = 2147483647;
			files = (
			);
			runOnlyForDeploymentPostprocessing = 0;
		};
		E8D416A329B5F15F00897C69 /* Frameworks */ = {
			isa = PBXFrameworksBuildPhase;
			buildActionMask = 2147483647;
			files = (
			);
			runOnlyForDeploymentPostprocessing = 0;
		};
		E8D416AD29B5F15F00897C69 /* Frameworks */ = {
			isa = PBXFrameworksBuildPhase;
			buildActionMask = 2147483647;
			files = (
			);
			runOnlyForDeploymentPostprocessing = 0;
		};
/* End PBXFrameworksBuildPhase section */

/* Begin PBXGroup section */
		E8D4168729B5F15E00897C69 = {
			isa = PBXGroup;
			children = (
				E8D4169229B5F15E00897C69 /* Sayı Tahmin Et */,
				E8D416A929B5F15F00897C69 /* Sayı Tahmin EtTests */,
				E8D416B329B5F15F00897C69 /* Sayı Tahmin EtUITests */,
				E8D4169129B5F15E00897C69 /* Products */,
			);
			sourceTree = "<group>";
		};
		E8D4169129B5F15E00897C69 /* Products */ = {
			isa = PBXGroup;
			children = (
				E8D4169029B5F15E00897C69 /* Sayı Tahmin Et.app */,
				E8D416A629B5F15F00897C69 /* Sayı Tahmin EtTests.xctest */,
				E8D416B029B5F15F00897C69 /* Sayı Tahmin EtUITests.xctest */,
			);
			name = Products;
			sourceTree = "<group>";
		};
		E8D4169229B5F15E00897C69 /* Sayı Tahmin Et */ = {
			isa = PBXGroup;
			children = (
				E8D4169329B5F15E00897C69 /* AppDelegate.swift */,
				E8D4169529B5F15E00897C69 /* SceneDelegate.swift */,
				E8D4169729B5F15E00897C69 /* ViewController.swift */,
				E8D4169929B5F15E00897C69 /* Main.storyboard */,
				E8D4169C29B5F15F00897C69 /* Assets.xcassets */,
				E8D4169E29B5F15F00897C69 /* LaunchScreen.storyboard */,
				E8D416A129B5F15F00897C69 /* Info.plist */,
				E8D416C329B5F1CB00897C69 /* TahminEkraniVC.swift */,
				E8D416C529B5F1E400897C69 /* SonucEkraniVC.swift */,
			);
			path = "Sayı Tahmin Et";
			sourceTree = "<group>";
		};
		E8D416A929B5F15F00897C69 /* Sayı Tahmin EtTests */ = {
			isa = PBXGroup;
			children = (
				E8D416AA29B5F15F00897C69 /* Say__Tahmin_EtTests.swift */,
			);
			path = "Sayı Tahmin EtTests";
			sourceTree = "<group>";
		};
		E8D416B329B5F15F00897C69 /* Sayı Tahmin EtUITests */ = {
			isa = PBXGroup;
			children = (
				E8D416B429B5F15F00897C69 /* Say__Tahmin_EtUITests.swift */,
				E8D416B629B5F15F00897C69 /* Say__Tahmin_EtUITestsLaunchTests.swift */,
			);
			path = "Sayı Tahmin EtUITests";
			sourceTree = "<group>";
		};
/* End PBXGroup section */

/* Begin PBXNativeTarget section */
		E8D4168F29B5F15E00897C69 /* Sayı Tahmin Et */ = {
			isa = PBXNativeTarget;
			buildConfigurationList = E8D416BA29B5F15F00897C69 /* Build configuration list for PBXNativeTarget "Sayı Tahmin Et" */;
			buildPhases = (
				E8D4168C29B5F15E00897C69 /* Sources */,
				E8D4168D29B5F15E00897C69 /* Frameworks */,
				E8D4168E29B5F15E00897C69 /* Resources */,
			);
			buildRules = (
			);
			dependencies = (
			);
			name = "Sayı Tahmin Et";
			productName = "Sayı Tahmin Et";
			productReference = E8D4169029B5F15E00897C69 /* Sayı Tahmin Et.app */;
			productType = "com.apple.product-type.application";
		};
		E8D416A529B5F15F00897C69 /* Sayı Tahmin EtTests */ = {
			isa = PBXNativeTarget;
			buildConfigurationList = E8D416BD29B5F15F00897C69 /* Build configuration list for PBXNativeTarget "Sayı Tahmin EtTests" */;
			buildPhases = (
				E8D416A229B5F15F00897C69 /* Sources */,
				E8D416A329B5F15F00897C69 /* Frameworks */,
				E8D416A429B5F15F00897C69 /* Resources */,
			);
			buildRules = (
			);
			dependencies = (
				E8D416A829B5F15F00897C69 /* PBXTargetDependency */,
			);
			name = "Sayı Tahmin EtTests";
			productName = "Sayı Tahmin EtTests";
			productReference = E8D416A629B5F15F00897C69 /* Sayı Tahmin EtTests.xctest */;
			productType = "com.apple.product-type.bundle.unit-test";
		};
		E8D416AF29B5F15F00897C69 /* Sayı Tahmin EtUITests */ = {
			isa = PBXNativeTarget;
			buildConfigurationList = E8D416C029B5F15F00897C69 /* Build configuration list for PBXNativeTarget "Sayı Tahmin EtUITests" */;
			buildPhases = (
				E8D416AC29B5F15F00897C69 /* Sources */,
				E8D416AD29B5F15F00897C69 /* Frameworks */,
				E8D416AE29B5F15F00897C69 /* Resources */,
			);
			buildRules = (
			);
			dependencies = (
				E8D416B229B5F15F00897C69 /* PBXTargetDependency */,
			);
			name = "Sayı Tahmin EtUITests";
			productName = "Sayı Tahmin EtUITests";
			productReference = E8D416B029B5F15F00897C69 /* Sayı Tahmin EtUITests.xctest */;
			productType = "com.apple.product-type.bundle.ui-testing";
		};
/* End PBXNativeTarget section */

/* Begin PBXProject section */
		E8D4168829B5F15E00897C69 /* Project object */ = {
			isa = PBXProject;
			attributes = {
				BuildIndependentTargetsInParallel = 1;
				LastSwiftUpdateCheck = 1420;
				LastUpgradeCheck = 1420;
				TargetAttributes = {
					E8D4168F29B5F15E00897C69 = {
						CreatedOnToolsVersion = 14.2;
					};
					E8D416A529B5F15F00897C69 = {
						CreatedOnToolsVersion = 14.2;
						TestTargetID = E8D4168F29B5F15E00897C69;
					};
					E8D416AF29B5F15F00897C69 = {
						CreatedOnToolsVersion = 14.2;
						TestTargetID = E8D4168F29B5F15E00897C69;
					};
				};
			};
			buildConfigurationList = E8D4168B29B5F15E00897C69 /* Build configuration list for PBXProject "Sayı Tahmin Et" */;
			compatibilityVersion = "Xcode 14.0";
			developmentRegion = en;
			hasScannedForEncodings = 0;
			knownRegions = (
				en,
				Base,
			);
			mainGroup = E8D4168729B5F15E00897C69;
			productRefGroup = E8D4169129B5F15E00897C69 /* Products */;
			projectDirPath = "";
			projectRoot = "";
			targets = (
				E8D4168F29B5F15E00897C69 /* Sayı Tahmin Et */,
				E8D416A529B5F15F00897C69 /* Sayı Tahmin EtTests */,
				E8D416AF29B5F15F00897C69 /* Sayı Tahmin EtUITests */,
			);
		};
/* End PBXProject section */

/* Begin PBXResourcesBuildPhase section */
		E8D4168E29B5F15E00897C69 /* Resources */ = {
			isa = PBXResourcesBuildPhase;
			buildActionMask = 2147483647;
			files = (
				E8D416A029B5F15F00897C69 /* LaunchScreen.storyboard in Resources */,
				E8D4169D29B5F15F00897C69 /* Assets.xcassets in Resources */,
				E8D4169B29B5F15E00897C69 /* Main.storyboard in Resources */,
			);
			runOnlyForDeploymentPostprocessing = 0;
		};
		E8D416A429B5F15F00897C69 /* Resources */ = {
			isa = PBXResourcesBuildPhase;
			buildActionMask = 2147483647;
			files = (
			);
			runOnlyForDeploymentPostprocessing = 0;
		};
		E8D416AE29B5F15F00897C69 /* Resources */ = {
			isa = PBXResourcesBuildPhase;
			buildActionMask = 2147483647;
			files = (
			);
			runOnlyForDeploymentPostprocessing = 0;
		};
/* End PBXResourcesBuildPhase section */

/* Begin PBXSourcesBuildPhase section */
		E8D4168C29B5F15E00897C69 /* Sources */ = {
			isa = PBXSourcesBuildPhase;
			buildActionMask = 2147483647;
			files = (
				E8D416C629B5F1E400897C69 /* SonucEkraniVC.swift in Sources */,
				E8D4169829B5F15E00897C69 /* ViewController.swift in Sources */,
				E8D4169429B5F15E00897C69 /* AppDelegate.swift in Sources */,
				E8D4169629B5F15E00897C69 /* SceneDelegate.swift in Sources */,
				E8D416C429B5F1CB00897C69 /* TahminEkraniVC.swift in Sources */,
			);
			runOnlyForDeploymentPostprocessing = 0;
		};
		E8D416A229B5F15F00897C69 /* Sources */ = {
			isa = PBXSourcesBuildPhase;
			buildActionMask = 2147483647;
			files = (
				E8D416AB29B5F15F00897C69 /* Say__Tahmin_EtTests.swift in Sources */,
			);
			runOnlyForDeploymentPostprocessing = 0;
		};
		E8D416AC29B5F15F00897C69 /* Sources */ = {
			isa = PBXSourcesBuildPhase;
			buildActionMask = 2147483647;
			files = (
				E8D416B729B5F15F00897C69 /* Say__Tahmin_EtUITestsLaunchTests.swift in Sources */,
				E8D416B529B5F15F00897C69 /* Say__Tahmin_EtUITests.swift in Sources */,
			);
			runOnlyForDeploymentPostprocessing = 0;
		};
/* End PBXSourcesBuildPhase section */

/* Begin PBXTargetDependency section */
		E8D416A829B5F15F00897C69 /* PBXTargetDependency */ = {
			isa = PBXTargetDependency;
			target = E8D4168F29B5F15E00897C69 /* Sayı Tahmin Et */;
			targetProxy = E8D416A729B5F15F00897C69 /* PBXContainerItemProxy */;
		};
		E8D416B229B5F15F00897C69 /* PBXTargetDependency */ = {
			isa = PBXTargetDependency;
			target = E8D4168F29B5F15E00897C69 /* Sayı Tahmin Et */;
			targetProxy = E8D416B129B5F15F00897C69 /* PBXContainerItemProxy */;
		};
/* End PBXTargetDependency section */

/* Begin PBXVariantGroup section */
		E8D4169929B5F15E00897C69 /* Main.storyboard */ = {
			isa = PBXVariantGroup;
			children = (
				E8D4169A29B5F15E00897C69 /* Base */,
			);
			name = Main.storyboard;
			sourceTree = "<group>";
		};
		E8D4169E29B5F15F00897C69 /* LaunchScreen.storyboard */ = {
			isa = PBXVariantGroup;
			children = (
				E8D4169F29B5F15F00897C69 /* Base */,
			);
			name = LaunchScreen.storyboard;
			sourceTree = "<group>";
		};
/* End PBXVariantGroup section */

/* Begin XCBuildConfiguration section */
		E8D416B829B5F15F00897C69 /* Debug */ = {
			isa = XCBuildConfiguration;
			buildSettings = {
				ALWAYS_SEARCH_USER_PATHS = NO;
				CLANG_ANALYZER_NONNULL = YES;
				CLANG_ANALYZER_NUMBER_OBJECT_CONVERSION = YES_AGGRESSIVE;
				CLANG_CXX_LANGUAGE_STANDARD = "gnu++20";
				CLANG_ENABLE_MODULES = YES;
				CLANG_ENABLE_OBJC_ARC = YES;
				CLANG_ENABLE_OBJC_WEAK = YES;
				CLANG_WARN_BLOCK_CAPTURE_AUTORELEASING = YES;
				CLANG_WARN_BOOL_CONVERSION = YES;
				CLANG_WARN_COMMA = YES;
				CLANG_WARN_CONSTANT_CONVERSION = YES;
				CLANG_WARN_DEPRECATED_OBJC_IMPLEMENTATIONS = YES;
				CLANG_WARN_DIRECT_OBJC_ISA_USAGE = YES_ERROR;
				CLANG_WARN_DOCUMENTATION_COMMENTS = YES;
				CLANG_WARN_EMPTY_BODY = YES;
				CLANG_WARN_ENUM_CONVERSION = YES;
				CLANG_WARN_INFINITE_RECURSION = YES;
				CLANG_WARN_INT_CONVERSION = YES;
				CLANG_WARN_NON_LITERAL_NULL_CONVERSION = YES;
				CLANG_WARN_OBJC_IMPLICIT_RETAIN_SELF = YES;
				CLANG_WARN_OBJC_LITERAL_CONVERSION = YES;
				CLANG_WARN_OBJC_ROOT_CLASS = YES_ERROR;
				CLANG_WARN_QUOTED_INCLUDE_IN_FRAMEWORK_HEADER = YES;
				CLANG_WARN_RANGE_LOOP_ANALYSIS = YES;
				CLANG_WARN_STRICT_PROTOTYPES = YES;
				CLANG_WARN_SUSPICIOUS_MOVE = YES;
				CLANG_WARN_UNGUARDED_AVAILABILITY = YES_AGGRESSIVE;
				CLANG_WARN_UNREACHABLE_CODE = YES;
				CLANG_WARN__DUPLICATE_METHOD_MATCH = YES;
				COPY_PHASE_STRIP = NO;
				DEBUG_INFORMATION_FORMAT = dwarf;
				ENABLE_STRICT_OBJC_MSGSEND = YES;
				ENABLE_TESTABILITY = YES;
				GCC_C_LANGUAGE_STANDARD = gnu11;
				GCC_DYNAMIC_NO_PIC = NO;
				GCC_NO_COMMON_BLOCKS = YES;
				GCC_OPTIMIZATION_LEVEL = 0;
				GCC_PREPROCESSOR_DEFINITIONS = (
					"DEBUG=1",
					"$(inherited)",
				);
				GCC_WARN_64_TO_32_BIT_CONVERSION = YES;
				GCC_WARN_ABOUT_RETURN_TYPE = YES_ERROR;
				GCC_WARN_UNDECLARED_SELECTOR = YES;
				GCC_WARN_UNINITIALIZED_AUTOS = YES_AGGRESSIVE;
				GCC_WARN_UNUSED_FUNCTION = YES;
				GCC_WARN_UNUSED_VARIABLE = YES;
				IPHONEOS_DEPLOYMENT_TARGET = 16.2;
				MTL_ENABLE_DEBUG_INFO = INCLUDE_SOURCE;
				MTL_FAST_MATH = YES;
				ONLY_ACTIVE_ARCH = YES;
				SDKROOT = iphoneos;
				SWIFT_ACTIVE_COMPILATION_CONDITIONS = DEBUG;
				SWIFT_OPTIMIZATION_LEVEL = "-Onone";
			};
			name = Debug;
		};
		E8D416B929B5F15F00897C69 /* Release */ = {
			isa = XCBuildConfiguration;
			buildSettings = {
				ALWAYS_SEARCH_USER_PATHS = NO;
				CLANG_ANALYZER_NONNULL = YES;
				CLANG_ANALYZER_NUMBER_OBJECT_CONVERSION = YES_AGGRESSIVE;
				CLANG_CXX_LANGUAGE_STANDARD = "gnu++20";
				CLANG_ENABLE_MODULES = YES;
				CLANG_ENABLE_OBJC_ARC = YES;
				CLANG_ENABLE_OBJC_WEAK = YES;
				CLANG_WARN_BLOCK_CAPTURE_AUTORELEASING = YES;
				CLANG_WARN_BOOL_CONVERSION = YES;
				CLANG_WARN_COMMA = YES;
				CLANG_WARN_CONSTANT_CONVERSION = YES;
				CLANG_WARN_DEPRECATED_OBJC_IMPLEMENTATIONS = YES;
				CLANG_WARN_DIRECT_OBJC_ISA_USAGE = YES_ERROR;
				CLANG_WARN_DOCUMENTATION_COMMENTS = YES;
				CLANG_WARN_EMPTY_BODY = YES;
				CLANG_WARN_ENUM_CONVERSION = YES;
				CLANG_WARN_INFINITE_RECURSION = YES;
				CLANG_WARN_INT_CONVERSION = YES;
				CLANG_WARN_NON_LITERAL_NULL_CONVERSION = YES;
				CLANG_WARN_OBJC_IMPLICIT_RETAIN_SELF = YES;
				CLANG_WARN_OBJC_LITERAL_CONVERSION = YES;
				CLANG_WARN_OBJC_ROOT_CLASS = YES_ERROR;
				CLANG_WARN_QUOTED_INCLUDE_IN_FRAMEWORK_HEADER = YES;
				CLANG_WARN_RANGE_LOOP_ANALYSIS = YES;
				CLANG_WARN_STRICT_PROTOTYPES = YES;
				CLANG_WARN_SUSPICIOUS_MOVE = YES;
				CLANG_WARN_UNGUARDED_AVAILABILITY = YES_AGGRESSIVE;
				CLANG_WARN_UNREACHABLE_CODE = YES;
				CLANG_WARN__DUPLICATE_METHOD_MATCH = YES;
				COPY_PHASE_STRIP = NO;
				DEBUG_INFORMATION_FORMAT = "dwarf-with-dsym";
				ENABLE_NS_ASSERTIONS = NO;
				ENABLE_STRICT_OBJC_MSGSEND = YES;
				GCC_C_LANGUAGE_STANDARD = gnu11;
				GCC_NO_COMMON_BLOCKS = YES;
				GCC_WARN_64_TO_32_BIT_CONVERSION = YES;
				GCC_WARN_ABOUT_RETURN_TYPE = YES_ERROR;
				GCC_WARN_UNDECLARED_SELECTOR = YES;
				GCC_WARN_UNINITIALIZED_AUTOS = YES_AGGRESSIVE;
				GCC_WARN_UNUSED_FUNCTION = YES;
				GCC_WARN_UNUSED_VARIABLE = YES;
				IPHONEOS_DEPLOYMENT_TARGET = 16.2;
				MTL_ENABLE_DEBUG_INFO = NO;
				MTL_FAST_MATH = YES;
				SDKROOT = iphoneos;
				SWIFT_COMPILATION_MODE = wholemodule;
				SWIFT_OPTIMIZATION_LEVEL = "-O";
				VALIDATE_PRODUCT = YES;
			};
			name = Release;
		};
		E8D416BB29B5F15F00897C69 /* Debug */ = {
			isa = XCBuildConfiguration;
			buildSettings = {
				ASSETCATALOG_COMPILER_APPICON_NAME = AppIcon;
				ASSETCATALOG_COMPILER_GLOBAL_ACCENT_COLOR_NAME = AccentColor;
				CODE_SIGN_STYLE = Automatic;
				CURRENT_PROJECT_VERSION = 1;
				GENERATE_INFOPLIST_FILE = YES;
				INFOPLIST_FILE = "Sayı Tahmin Et/Info.plist";
				INFOPLIST_KEY_UIApplicationSupportsIndirectInputEvents = YES;
				INFOPLIST_KEY_UILaunchStoryboardName = LaunchScreen;
				INFOPLIST_KEY_UIMainStoryboardFile = Main;
				INFOPLIST_KEY_UISupportedInterfaceOrientations_iPad = "UIInterfaceOrientationPortrait UIInterfaceOrientationPortraitUpsideDown UIInterfaceOrientationLandscapeLeft UIInterfaceOrientationLandscapeRight";
				INFOPLIST_KEY_UISupportedInterfaceOrientations_iPhone = "UIInterfaceOrientationPortrait UIInterfaceOrientationLandscapeLeft UIInterfaceOrientationLandscapeRight";
				LD_RUNPATH_SEARCH_PATHS = (
					"$(inherited)",
					"@executable_path/Frameworks",
				);
				MARKETING_VERSION = 1.0;
				PRODUCT_BUNDLE_IDENTIFIER = "info.Say--Tahmin-Et";
				PRODUCT_NAME = "$(TARGET_NAME)";
				SWIFT_EMIT_LOC_STRINGS = YES;
				SWIFT_VERSION = 5.0;
				TARGETED_DEVICE_FAMILY = "1,2";
			};
			name = Debug;
		};
		E8D416BC29B5F15F00897C69 /* Release */ = {
			isa = XCBuildConfiguration;
			buildSettings = {
				ASSETCATALOG_COMPILER_APPICON_NAME = AppIcon;
				ASSETCATALOG_COMPILER_GLOBAL_ACCENT_COLOR_NAME = AccentColor;
				CODE_SIGN_STYLE = Automatic;
				CURRENT_PROJECT_VERSION = 1;
				GENERATE_INFOPLIST_FILE = YES;
				INFOPLIST_FILE = "Sayı Tahmin Et/Info.plist";
				INFOPLIST_KEY_UIApplicationSupportsIndirectInputEvents = YES;
				INFOPLIST_KEY_UILaunchStoryboardName = LaunchScreen;
				INFOPLIST_KEY_UIMainStoryboardFile = Main;
				INFOPLIST_KEY_UISupportedInterfaceOrientations_iPad = "UIInterfaceOrientationPortrait UIInterfaceOrientationPortraitUpsideDown UIInterfaceOrientationLandscapeLeft UIInterfaceOrientationLandscapeRight";
				INFOPLIST_KEY_UISupportedInterfaceOrientations_iPhone = "UIInterfaceOrientationPortrait UIInterfaceOrientationLandscapeLeft UIInterfaceOrientationLandscapeRight";
				LD_RUNPATH_SEARCH_PATHS = (
					"$(inherited)",
					"@executable_path/Frameworks",
				);
				MARKETING_VERSION = 1.0;
				PRODUCT_BUNDLE_IDENTIFIER = "info.Say--Tahmin-Et";
				PRODUCT_NAME = "$(TARGET_NAME)";
				SWIFT_EMIT_LOC_STRINGS = YES;
				SWIFT_VERSION = 5.0;
				TARGETED_DEVICE_FAMILY = "1,2";
			};
			name = Release;
		};
		E8D416BE29B5F15F00897C69 /* Debug */ = {
			isa = XCBuildConfiguration;
			buildSettings = {
				ALWAYS_EMBED_SWIFT_STANDARD_LIBRARIES = YES;
				BUNDLE_LOADER = "$(TEST_HOST)";
				CODE_SIGN_STYLE = Automatic;
				CURRENT_PROJECT_VERSION = 1;
				GENERATE_INFOPLIST_FILE = YES;
				IPHONEOS_DEPLOYMENT_TARGET = 16.2;
				MARKETING_VERSION = 1.0;
				PRODUCT_BUNDLE_IDENTIFIER = "info.Say--Tahmin-EtTests";
				PRODUCT_NAME = "$(TARGET_NAME)";
				SWIFT_EMIT_LOC_STRINGS = NO;
				SWIFT_VERSION = 5.0;
				TARGETED_DEVICE_FAMILY = "1,2";
				TEST_HOST = "$(BUILT_PRODUCTS_DIR)/Sayı Tahmin Et.app/$(BUNDLE_EXECUTABLE_FOLDER_PATH)/Sayı Tahmin Et";
			};
			name = Debug;
		};
		E8D416BF29B5F15F00897C69 /* Release */ = {
			isa = XCBuildConfiguration;
			buildSettings = {
				ALWAYS_EMBED_SWIFT_STANDARD_LIBRARIES = YES;
				BUNDLE_LOADER = "$(TEST_HOST)";
				CODE_SIGN_STYLE = Automatic;
				CURRENT_PROJECT_VERSION = 1;
				GENERATE_INFOPLIST_FILE = YES;
				IPHONEOS_DEPLOYMENT_TARGET = 16.2;
				MARKETING_VERSION = 1.0;
				PRODUCT_BUNDLE_IDENTIFIER = "info.Say--Tahmin-EtTests";
				PRODUCT_NAME = "$(TARGET_NAME)";
				SWIFT_EMIT_LOC_STRINGS = NO;
				SWIFT_VERSION = 5.0;
				TARGETED_DEVICE_FAMILY = "1,2";
				TEST_HOST = "$(BUILT_PRODUCTS_DIR)/Sayı Tahmin Et.app/$(BUNDLE_EXECUTABLE_FOLDER_PATH)/Sayı Tahmin Et";
			};
			name = Release;
		};
		E8D416C129B5F15F00897C69 /* Debug */ = {
			isa = XCBuildConfiguration;
			buildSettings = {
				ALWAYS_EMBED_SWIFT_STANDARD_LIBRARIES = YES;
				CODE_SIGN_STYLE = Automatic;
				CURRENT_PROJECT_VERSION = 1;
				GENERATE_INFOPLIST_FILE = YES;
				MARKETING_VERSION = 1.0;
				PRODUCT_BUNDLE_IDENTIFIER = "info.Say--Tahmin-EtUITests";
				PRODUCT_NAME = "$(TARGET_NAME)";
				SWIFT_EMIT_LOC_STRINGS = NO;
				SWIFT_VERSION = 5.0;
				TARGETED_DEVICE_FAMILY = "1,2";
				TEST_TARGET_NAME = "Sayı Tahmin Et";
			};
			name = Debug;
		};
		E8D416C229B5F15F00897C69 /* Release */ = {
			isa = XCBuildConfiguration;
			buildSettings = {
				ALWAYS_EMBED_SWIFT_STANDARD_LIBRARIES = YES;
				CODE_SIGN_STYLE = Automatic;
				CURRENT_PROJECT_VERSION = 1;
				GENERATE_INFOPLIST_FILE = YES;
				MARKETING_VERSION = 1.0;
				PRODUCT_BUNDLE_IDENTIFIER = "info.Say--Tahmin-EtUITests";
				PRODUCT_NAME = "$(TARGET_NAME)";
				SWIFT_EMIT_LOC_STRINGS = NO;
				SWIFT_VERSION = 5.0;
				TARGETED_DEVICE_FAMILY = "1,2";
				TEST_TARGET_NAME = "Sayı Tahmin Et";
			};
			name = Release;
		};
/* End XCBuildConfiguration section */

/* Begin XCConfigurationList section */
		E8D4168B29B5F15E00897C69 /* Build configuration list for PBXProject "Sayı Tahmin Et" */ = {
			isa = XCConfigurationList;
			buildConfigurations = (
				E8D416B829B5F15F00897C69 /* Debug */,
				E8D416B929B5F15F00897C69 /* Release */,
			);
			defaultConfigurationIsVisible = 0;
			defaultConfigurationName = Release;
		};
		E8D416BA29B5F15F00897C69 /* Build configuration list for PBXNativeTarget "Sayı Tahmin Et" */ = {
			isa = XCConfigurationList;
			buildConfigurations = (
				E8D416BB29B5F15F00897C69 /* Debug */,
				E8D416BC29B5F15F00897C69 /* Release */,
			);
			defaultConfigurationIsVisible = 0;
			defaultConfigurationName = Release;
		};
		E8D416BD29B5F15F00897C69 /* Build configuration list for PBXNativeTarget "Sayı Tahmin EtTests" */ = {
			isa = XCConfigurationList;
			buildConfigurations = (
				E8D416BE29B5F15F00897C69 /* Debug */,
				E8D416BF29B5F15F00897C69 /* Release */,
			);
			defaultConfigurationIsVisible = 0;
			defaultConfigurationName = Release;
		};
		E8D416C029B5F15F00897C69 /* Build configuration list for PBXNativeTarget "Sayı Tahmin EtUITests" */ = {
			isa = XCConfigurationList;
			buildConfigurations = (
				E8D416C129B5F15F00897C69 /* Debug */,
				E8D416C229B5F15F00897C69 /* Release */,
			);
			defaultConfigurationIsVisible = 0;
			defaultConfigurationName = Release;
		};
/* End XCConfigurationList section */
	};
	rootObject = E8D4168829B5F15E00897C69 /* Project object */;
}
